// !$*UTF8*$!
{
	archiveVersion = 1;
	classes = {
	};
	objectVersion = 50;
	objects = {

/* Begin PBXBuildFile section */
		53247C05A98465CC1E521C77 /* Pods_ios_attendanceUITests.framework in Frameworks */ = {isa = PBXBuildFile; fileRef = 754CBD76DE833A4C23758C27 /* Pods_ios_attendanceUITests.framework */; };
		5B64C9EF2091F5F200C892F8 /* AppDelegate.swift in Sources */ = {isa = PBXBuildFile; fileRef = 5B64C9EE2091F5F200C892F8 /* AppDelegate.swift */; };
		5B64C9F12091F5F200C892F8 /* ViewController.swift in Sources */ = {isa = PBXBuildFile; fileRef = 5B64C9F02091F5F200C892F8 /* ViewController.swift */; };
		5B64C9F42091F5F200C892F8 /* Main.storyboard in Resources */ = {isa = PBXBuildFile; fileRef = 5B64C9F22091F5F200C892F8 /* Main.storyboard */; };
		5B64C9F62091F5F300C892F8 /* Assets.xcassets in Resources */ = {isa = PBXBuildFile; fileRef = 5B64C9F52091F5F300C892F8 /* Assets.xcassets */; };
		5B64C9F92091F5F300C892F8 /* LaunchScreen.storyboard in Resources */ = {isa = PBXBuildFile; fileRef = 5B64C9F72091F5F300C892F8 /* LaunchScreen.storyboard */; };
		5B64CA042091F5F300C892F8 /* ios_attendanceTests.swift in Sources */ = {isa = PBXBuildFile; fileRef = 5B64CA032091F5F300C892F8 /* ios_attendanceTests.swift */; };
		5B64CA0F2091F5F300C892F8 /* ios_attendanceUITests.swift in Sources */ = {isa = PBXBuildFile; fileRef = 5B64CA0E2091F5F300C892F8 /* ios_attendanceUITests.swift */; };
		5B64CA212092093100C892F8 /* ApiConstants.swift in Sources */ = {isa = PBXBuildFile; fileRef = 5B64CA202092093100C892F8 /* ApiConstants.swift */; };
		5B64CA2920921ECC00C892F8 /* ApiClient.swift in Sources */ = {isa = PBXBuildFile; fileRef = 5B64CA2820921ECC00C892F8 /* ApiClient.swift */; };
		5B64CA2B20926BA100C892F8 /* QRScannerController.swift in Sources */ = {isa = PBXBuildFile; fileRef = 5B64CA2A20926BA100C892F8 /* QRScannerController.swift */; };
		5B85462120932138003542A2 /* DateFormatterHelper.swift in Sources */ = {isa = PBXBuildFile; fileRef = 5B85462020932138003542A2 /* DateFormatterHelper.swift */; };
		5B85462320934863003542A2 /* BeaconHelper.swift in Sources */ = {isa = PBXBuildFile; fileRef = 5B85462220934863003542A2 /* BeaconHelper.swift */; };
		5B854627209355C1003542A2 /* UserService.swift in Sources */ = {isa = PBXBuildFile; fileRef = 5B854626209355C1003542A2 /* UserService.swift */; };
		76305BC7D08E5E559D1FF82E /* Pods_ios_attendance.framework in Frameworks */ = {isa = PBXBuildFile; fileRef = 23EF1AD81F1655B7F2A1A75B /* Pods_ios_attendance.framework */; };
		B783323487D7273F52541DF6 /* Pods_ios_attendanceTests.framework in Frameworks */ = {isa = PBXBuildFile; fileRef = 7CF95454D43E38A95361F231 /* Pods_ios_attendanceTests.framework */; };
/* End PBXBuildFile section */

/* Begin PBXContainerItemProxy section */
		5B64CA002091F5F300C892F8 /* PBXContainerItemProxy */ = {
			isa = PBXContainerItemProxy;
			containerPortal = 5B64C9E32091F5F200C892F8 /* Project object */;
			proxyType = 1;
			remoteGlobalIDString = 5B64C9EA2091F5F200C892F8;
			remoteInfo = ios_attendance;
		};
		5B64CA0B2091F5F300C892F8 /* PBXContainerItemProxy */ = {
			isa = PBXContainerItemProxy;
			containerPortal = 5B64C9E32091F5F200C892F8 /* Project object */;
			proxyType = 1;
			remoteGlobalIDString = 5B64C9EA2091F5F200C892F8;
			remoteInfo = ios_attendance;
		};
/* End PBXContainerItemProxy section */

/* Begin PBXFileReference section */
		084A079DD371F174361E938C /* Pods-ios_attendance.release.xcconfig */ = {isa = PBXFileReference; includeInIndex = 1; lastKnownFileType = text.xcconfig; name = "Pods-ios_attendance.release.xcconfig"; path = "Pods/Target Support Files/Pods-ios_attendance/Pods-ios_attendance.release.xcconfig"; sourceTree = "<group>"; };
		12E7B37E4DDF78F490325D54 /* Pods-ios_attendance.debug.xcconfig */ = {isa = PBXFileReference; includeInIndex = 1; lastKnownFileType = text.xcconfig; name = "Pods-ios_attendance.debug.xcconfig"; path = "Pods/Target Support Files/Pods-ios_attendance/Pods-ios_attendance.debug.xcconfig"; sourceTree = "<group>"; };
		17783C5EE53E857087C8A097 /* Pods-ios_attendanceUITests.release.xcconfig */ = {isa = PBXFileReference; includeInIndex = 1; lastKnownFileType = text.xcconfig; name = "Pods-ios_attendanceUITests.release.xcconfig"; path = "Pods/Target Support Files/Pods-ios_attendanceUITests/Pods-ios_attendanceUITests.release.xcconfig"; sourceTree = "<group>"; };
		23EF1AD81F1655B7F2A1A75B /* Pods_ios_attendance.framework */ = {isa = PBXFileReference; explicitFileType = wrapper.framework; includeInIndex = 0; path = Pods_ios_attendance.framework; sourceTree = BUILT_PRODUCTS_DIR; };
		40B8DC6FCFDAF6578EAD9978 /* Pods-ios_attendanceTests.debug.xcconfig */ = {isa = PBXFileReference; includeInIndex = 1; lastKnownFileType = text.xcconfig; name = "Pods-ios_attendanceTests.debug.xcconfig"; path = "Pods/Target Support Files/Pods-ios_attendanceTests/Pods-ios_attendanceTests.debug.xcconfig"; sourceTree = "<group>"; };
		4D653A688067A0217C9BE2C6 /* Pods-ios_attendanceTests.release.xcconfig */ = {isa = PBXFileReference; includeInIndex = 1; lastKnownFileType = text.xcconfig; name = "Pods-ios_attendanceTests.release.xcconfig"; path = "Pods/Target Support Files/Pods-ios_attendanceTests/Pods-ios_attendanceTests.release.xcconfig"; sourceTree = "<group>"; };
		5B64C9EB2091F5F200C892F8 /* ios_attendance.app */ = {isa = PBXFileReference; explicitFileType = wrapper.application; includeInIndex = 0; path = ios_attendance.app; sourceTree = BUILT_PRODUCTS_DIR; };
		5B64C9EE2091F5F200C892F8 /* AppDelegate.swift */ = {isa = PBXFileReference; lastKnownFileType = sourcecode.swift; path = AppDelegate.swift; sourceTree = "<group>"; };
		5B64C9F02091F5F200C892F8 /* ViewController.swift */ = {isa = PBXFileReference; lastKnownFileType = sourcecode.swift; path = ViewController.swift; sourceTree = "<group>"; };
		5B64C9F32091F5F200C892F8 /* Base */ = {isa = PBXFileReference; lastKnownFileType = file.storyboard; name = Base; path = Base.lproj/Main.storyboard; sourceTree = "<group>"; };
		5B64C9F52091F5F300C892F8 /* Assets.xcassets */ = {isa = PBXFileReference; lastKnownFileType = folder.assetcatalog; path = Assets.xcassets; sourceTree = "<group>"; };
		5B64C9F82091F5F300C892F8 /* Base */ = {isa = PBXFileReference; lastKnownFileType = file.storyboard; name = Base; path = Base.lproj/LaunchScreen.storyboard; sourceTree = "<group>"; };
		5B64C9FA2091F5F300C892F8 /* Info.plist */ = {isa = PBXFileReference; lastKnownFileType = text.plist.xml; path = Info.plist; sourceTree = "<group>"; };
		5B64C9FF2091F5F300C892F8 /* ios_attendanceTests.xctest */ = {isa = PBXFileReference; explicitFileType = wrapper.cfbundle; includeInIndex = 0; path = ios_attendanceTests.xctest; sourceTree = BUILT_PRODUCTS_DIR; };
		5B64CA032091F5F300C892F8 /* ios_attendanceTests.swift */ = {isa = PBXFileReference; lastKnownFileType = sourcecode.swift; path = ios_attendanceTests.swift; sourceTree = "<group>"; };
		5B64CA052091F5F300C892F8 /* Info.plist */ = {isa = PBXFileReference; lastKnownFileType = text.plist.xml; path = Info.plist; sourceTree = "<group>"; };
		5B64CA0A2091F5F300C892F8 /* ios_attendanceUITests.xctest */ = {isa = PBXFileReference; explicitFileType = wrapper.cfbundle; includeInIndex = 0; path = ios_attendanceUITests.xctest; sourceTree = BUILT_PRODUCTS_DIR; };
		5B64CA0E2091F5F300C892F8 /* ios_attendanceUITests.swift */ = {isa = PBXFileReference; lastKnownFileType = sourcecode.swift; path = ios_attendanceUITests.swift; sourceTree = "<group>"; };
		5B64CA102091F5F300C892F8 /* Info.plist */ = {isa = PBXFileReference; lastKnownFileType = text.plist.xml; path = Info.plist; sourceTree = "<group>"; };
		5B64CA202092093100C892F8 /* ApiConstants.swift */ = {isa = PBXFileReference; lastKnownFileType = sourcecode.swift; path = ApiConstants.swift; sourceTree = "<group>"; };
		5B64CA2820921ECC00C892F8 /* ApiClient.swift */ = {isa = PBXFileReference; lastKnownFileType = sourcecode.swift; path = ApiClient.swift; sourceTree = "<group>"; };
		5B64CA2A20926BA100C892F8 /* QRScannerController.swift */ = {isa = PBXFileReference; lastKnownFileType = sourcecode.swift; path = QRScannerController.swift; sourceTree = "<group>"; };
		5B85462020932138003542A2 /* DateFormatterHelper.swift */ = {isa = PBXFileReference; lastKnownFileType = sourcecode.swift; path = DateFormatterHelper.swift; sourceTree = "<group>"; };
		5B85462220934863003542A2 /* BeaconHelper.swift */ = {isa = PBXFileReference; lastKnownFileType = sourcecode.swift; path = BeaconHelper.swift; sourceTree = "<group>"; };
		5B854626209355C1003542A2 /* UserService.swift */ = {isa = PBXFileReference; lastKnownFileType = sourcecode.swift; path = UserService.swift; sourceTree = "<group>"; };
		754CBD76DE833A4C23758C27 /* Pods_ios_attendanceUITests.framework */ = {isa = PBXFileReference; explicitFileType = wrapper.framework; includeInIndex = 0; path = Pods_ios_attendanceUITests.framework; sourceTree = BUILT_PRODUCTS_DIR; };
		7CF95454D43E38A95361F231 /* Pods_ios_attendanceTests.framework */ = {isa = PBXFileReference; explicitFileType = wrapper.framework; includeInIndex = 0; path = Pods_ios_attendanceTests.framework; sourceTree = BUILT_PRODUCTS_DIR; };
		8B9F1539F720048257274EA8 /* Pods-ios_attendanceUITests.debug.xcconfig */ = {isa = PBXFileReference; includeInIndex = 1; lastKnownFileType = text.xcconfig; name = "Pods-ios_attendanceUITests.debug.xcconfig"; path = "Pods/Target Support Files/Pods-ios_attendanceUITests/Pods-ios_attendanceUITests.debug.xcconfig"; sourceTree = "<group>"; };
/* End PBXFileReference section */

/* Begin PBXFrameworksBuildPhase section */
		5B64C9E82091F5F200C892F8 /* Frameworks */ = {
			isa = PBXFrameworksBuildPhase;
			buildActionMask = 2147483647;
			files = (
				76305BC7D08E5E559D1FF82E /* Pods_ios_attendance.framework in Frameworks */,
			);
			runOnlyForDeploymentPostprocessing = 0;
		};
		5B64C9FC2091F5F300C892F8 /* Frameworks */ = {
			isa = PBXFrameworksBuildPhase;
			buildActionMask = 2147483647;
			files = (
				B783323487D7273F52541DF6 /* Pods_ios_attendanceTests.framework in Frameworks */,
			);
			runOnlyForDeploymentPostprocessing = 0;
		};
		5B64CA072091F5F300C892F8 /* Frameworks */ = {
			isa = PBXFrameworksBuildPhase;
			buildActionMask = 2147483647;
			files = (
				53247C05A98465CC1E521C77 /* Pods_ios_attendanceUITests.framework in Frameworks */,
			);
			runOnlyForDeploymentPostprocessing = 0;
		};
/* End PBXFrameworksBuildPhase section */

/* Begin PBXGroup section */
		398B22645E9B9C4800DDF9C0 /* Frameworks */ = {
			isa = PBXGroup;
			children = (
				23EF1AD81F1655B7F2A1A75B /* Pods_ios_attendance.framework */,
				7CF95454D43E38A95361F231 /* Pods_ios_attendanceTests.framework */,
				754CBD76DE833A4C23758C27 /* Pods_ios_attendanceUITests.framework */,
			);
			name = Frameworks;
			sourceTree = "<group>";
		};
		5B64C9E22091F5F200C892F8 = {
			isa = PBXGroup;
			children = (
				5B64C9ED2091F5F200C892F8 /* ios_attendance */,
				5B64CA022091F5F300C892F8 /* ios_attendanceTests */,
				5B64CA0D2091F5F300C892F8 /* ios_attendanceUITests */,
				5B64C9EC2091F5F200C892F8 /* Products */,
				5EC8BBE23C744DB08DA8AB49 /* Pods */,
				398B22645E9B9C4800DDF9C0 /* Frameworks */,
			);
			sourceTree = "<group>";
		};
		5B64C9EC2091F5F200C892F8 /* Products */ = {
			isa = PBXGroup;
			children = (
				5B64C9EB2091F5F200C892F8 /* ios_attendance.app */,
				5B64C9FF2091F5F300C892F8 /* ios_attendanceTests.xctest */,
				5B64CA0A2091F5F300C892F8 /* ios_attendanceUITests.xctest */,
			);
			name = Products;
			sourceTree = "<group>";
		};
		5B64C9ED2091F5F200C892F8 /* ios_attendance */ = {
			isa = PBXGroup;
			children = (
				5B64CA2720921EB900C892F8 /* NotServices */,
				5B64CA2220920AEA00C892F8 /* Constants */,
				5B64CA1F209208B800C892F8 /* Views */,
				5B64CA1E209208A900C892F8 /* Helpers */,
				5B64CA1D2092089600C892F8 /* Controllers */,
				5B64CA1C2092087300C892F8 /* Models */,
				5B64C9EE2091F5F200C892F8 /* AppDelegate.swift */,
				5B64C9F52091F5F300C892F8 /* Assets.xcassets */,
				5B64C9FA2091F5F300C892F8 /* Info.plist */,
			);
			path = ios_attendance;
			sourceTree = "<group>";
		};
		5B64CA022091F5F300C892F8 /* ios_attendanceTests */ = {
			isa = PBXGroup;
			children = (
				5B64CA032091F5F300C892F8 /* ios_attendanceTests.swift */,
				5B64CA052091F5F300C892F8 /* Info.plist */,
			);
			path = ios_attendanceTests;
			sourceTree = "<group>";
		};
		5B64CA0D2091F5F300C892F8 /* ios_attendanceUITests */ = {
			isa = PBXGroup;
			children = (
				5B64CA0E2091F5F300C892F8 /* ios_attendanceUITests.swift */,
				5B64CA102091F5F300C892F8 /* Info.plist */,
			);
			path = ios_attendanceUITests;
			sourceTree = "<group>";
		};
		5B64CA1C2092087300C892F8 /* Models */ = {
			isa = PBXGroup;
			children = (
			);
			path = Models;
			sourceTree = "<group>";
		};
		5B64CA1D2092089600C892F8 /* Controllers */ = {
			isa = PBXGroup;
			children = (
				5B64CA2A20926BA100C892F8 /* QRScannerController.swift */,
				5B64C9F02091F5F200C892F8 /* ViewController.swift */,
			);
			path = Controllers;
			sourceTree = "<group>";
		};
		5B64CA1E209208A900C892F8 /* Helpers */ = {
			isa = PBXGroup;
			children = (
				5B85462020932138003542A2 /* DateFormatterHelper.swift */,
				5B85462220934863003542A2 /* BeaconHelper.swift */,
			);
			path = Helpers;
			sourceTree = "<group>";
		};
		5B64CA1F209208B800C892F8 /* Views */ = {
			isa = PBXGroup;
			children = (
				5B64C9F22091F5F200C892F8 /* Main.storyboard */,
				5B64C9F72091F5F300C892F8 /* LaunchScreen.storyboard */,
			);
			path = Views;
			sourceTree = "<group>";
		};
		5B64CA2220920AEA00C892F8 /* Constants */ = {
			isa = PBXGroup;
			children = (
				5B64CA202092093100C892F8 /* ApiConstants.swift */,
			);
			path = Constants;
			sourceTree = "<group>";
		};
		5B64CA2720921EB900C892F8 /* NotServices */ = {
			isa = PBXGroup;
			children = (
				5B64CA2820921ECC00C892F8 /* ApiClient.swift */,
				5B854626209355C1003542A2 /* UserService.swift */,
			);
			path = NotServices;
			sourceTree = "<group>";
		};
		5EC8BBE23C744DB08DA8AB49 /* Pods */ = {
			isa = PBXGroup;
			children = (
				12E7B37E4DDF78F490325D54 /* Pods-ios_attendance.debug.xcconfig */,
				084A079DD371F174361E938C /* Pods-ios_attendance.release.xcconfig */,
				40B8DC6FCFDAF6578EAD9978 /* Pods-ios_attendanceTests.debug.xcconfig */,
				4D653A688067A0217C9BE2C6 /* Pods-ios_attendanceTests.release.xcconfig */,
				8B9F1539F720048257274EA8 /* Pods-ios_attendanceUITests.debug.xcconfig */,
				17783C5EE53E857087C8A097 /* Pods-ios_attendanceUITests.release.xcconfig */,
			);
			name = Pods;
			sourceTree = "<group>";
		};
/* End PBXGroup section */

/* Begin PBXNativeTarget section */
		5B64C9EA2091F5F200C892F8 /* ios_attendance */ = {
			isa = PBXNativeTarget;
			buildConfigurationList = 5B64CA132091F5F300C892F8 /* Build configuration list for PBXNativeTarget "ios_attendance" */;
			buildPhases = (
				01EC2EA37CB38B9F0098E510 /* [CP] Check Pods Manifest.lock */,
				5B64C9E72091F5F200C892F8 /* Sources */,
				5B64C9E82091F5F200C892F8 /* Frameworks */,
				5B64C9E92091F5F200C892F8 /* Resources */,
				2780A6F9F2862D79C4402EB7 /* [CP] Embed Pods Frameworks */,
			);
			buildRules = (
			);
			dependencies = (
			);
			name = ios_attendance;
			productName = ios_attendance;
			productReference = 5B64C9EB2091F5F200C892F8 /* ios_attendance.app */;
			productType = "com.apple.product-type.application";
		};
		5B64C9FE2091F5F300C892F8 /* ios_attendanceTests */ = {
			isa = PBXNativeTarget;
			buildConfigurationList = 5B64CA162091F5F300C892F8 /* Build configuration list for PBXNativeTarget "ios_attendanceTests" */;
			buildPhases = (
				DF962A105B7041009ABD8C15 /* [CP] Check Pods Manifest.lock */,
				5B64C9FB2091F5F300C892F8 /* Sources */,
				5B64C9FC2091F5F300C892F8 /* Frameworks */,
				5B64C9FD2091F5F300C892F8 /* Resources */,
			);
			buildRules = (
			);
			dependencies = (
				5B64CA012091F5F300C892F8 /* PBXTargetDependency */,
			);
			name = ios_attendanceTests;
			productName = ios_attendanceTests;
			productReference = 5B64C9FF2091F5F300C892F8 /* ios_attendanceTests.xctest */;
			productType = "com.apple.product-type.bundle.unit-test";
		};
		5B64CA092091F5F300C892F8 /* ios_attendanceUITests */ = {
			isa = PBXNativeTarget;
			buildConfigurationList = 5B64CA192091F5F300C892F8 /* Build configuration list for PBXNativeTarget "ios_attendanceUITests" */;
			buildPhases = (
				330C64BB0D82A5B68E8E1128 /* [CP] Check Pods Manifest.lock */,
				5B64CA062091F5F300C892F8 /* Sources */,
				5B64CA072091F5F300C892F8 /* Frameworks */,
				5B64CA082091F5F300C892F8 /* Resources */,
			);
			buildRules = (
			);
			dependencies = (
				5B64CA0C2091F5F300C892F8 /* PBXTargetDependency */,
			);
			name = ios_attendanceUITests;
			productName = ios_attendanceUITests;
			productReference = 5B64CA0A2091F5F300C892F8 /* ios_attendanceUITests.xctest */;
			productType = "com.apple.product-type.bundle.ui-testing";
		};
/* End PBXNativeTarget section */

/* Begin PBXProject section */
		5B64C9E32091F5F200C892F8 /* Project object */ = {
			isa = PBXProject;
			attributes = {
				LastSwiftUpdateCheck = 0930;
				LastUpgradeCheck = 0930;
				ORGANIZATIONNAME = "Kylian Le Mette";
				TargetAttributes = {
					5B64C9EA2091F5F200C892F8 = {
						CreatedOnToolsVersion = 9.3;
					};
					5B64C9FE2091F5F300C892F8 = {
						CreatedOnToolsVersion = 9.3;
						TestTargetID = 5B64C9EA2091F5F200C892F8;
					};
					5B64CA092091F5F300C892F8 = {
						CreatedOnToolsVersion = 9.3;
						TestTargetID = 5B64C9EA2091F5F200C892F8;
					};
				};
			};
			buildConfigurationList = 5B64C9E62091F5F200C892F8 /* Build configuration list for PBXProject "ios_attendance" */;
			compatibilityVersion = "Xcode 9.3";
			developmentRegion = en;
			hasScannedForEncodings = 0;
			knownRegions = (
				en,
				Base,
			);
			mainGroup = 5B64C9E22091F5F200C892F8;
			productRefGroup = 5B64C9EC2091F5F200C892F8 /* Products */;
			projectDirPath = "";
			projectRoot = "";
			targets = (
				5B64C9EA2091F5F200C892F8 /* ios_attendance */,
				5B64C9FE2091F5F300C892F8 /* ios_attendanceTests */,
				5B64CA092091F5F300C892F8 /* ios_attendanceUITests */,
			);
		};
/* End PBXProject section */

/* Begin PBXResourcesBuildPhase section */
		5B64C9E92091F5F200C892F8 /* Resources */ = {
			isa = PBXResourcesBuildPhase;
			buildActionMask = 2147483647;
			files = (
				5B64C9F92091F5F300C892F8 /* LaunchScreen.storyboard in Resources */,
				5B64C9F62091F5F300C892F8 /* Assets.xcassets in Resources */,
				5B64C9F42091F5F200C892F8 /* Main.storyboard in Resources */,
			);
			runOnlyForDeploymentPostprocessing = 0;
		};
		5B64C9FD2091F5F300C892F8 /* Resources */ = {
			isa = PBXResourcesBuildPhase;
			buildActionMask = 2147483647;
			files = (
			);
			runOnlyForDeploymentPostprocessing = 0;
		};
		5B64CA082091F5F300C892F8 /* Resources */ = {
			isa = PBXResourcesBuildPhase;
			buildActionMask = 2147483647;
			files = (
			);
			runOnlyForDeploymentPostprocessing = 0;
		};
/* End PBXResourcesBuildPhase section */

/* Begin PBXShellScriptBuildPhase section */
		01EC2EA37CB38B9F0098E510 /* [CP] Check Pods Manifest.lock */ = {
			isa = PBXShellScriptBuildPhase;
			buildActionMask = 2147483647;
			files = (
			);
			inputPaths = (
				"${PODS_PODFILE_DIR_PATH}/Podfile.lock",
				"${PODS_ROOT}/Manifest.lock",
			);
			name = "[CP] Check Pods Manifest.lock";
			outputPaths = (
				"$(DERIVED_FILE_DIR)/Pods-ios_attendance-checkManifestLockResult.txt",
			);
			runOnlyForDeploymentPostprocessing = 0;
			shellPath = /bin/sh;
			shellScript = "diff \"${PODS_PODFILE_DIR_PATH}/Podfile.lock\" \"${PODS_ROOT}/Manifest.lock\" > /dev/null\nif [ $? != 0 ] ; then\n    # print error to STDERR\n    echo \"error: The sandbox is not in sync with the Podfile.lock. Run 'pod install' or update your CocoaPods installation.\" >&2\n    exit 1\nfi\n# This output is used by Xcode 'outputs' to avoid re-running this script phase.\necho \"SUCCESS\" > \"${SCRIPT_OUTPUT_FILE_0}\"\n";
			showEnvVarsInLog = 0;
		};
		2780A6F9F2862D79C4402EB7 /* [CP] Embed Pods Frameworks */ = {
			isa = PBXShellScriptBuildPhase;
			buildActionMask = 2147483647;
			files = (
			);
			inputPaths = (
				"${SRCROOT}/Pods/Target Support Files/Pods-ios_attendance/Pods-ios_attendance-frameworks.sh",
				"${BUILT_PRODUCTS_DIR}/Arcane/Arcane.framework",
				"${BUILT_PRODUCTS_DIR}/KeychainAccess/KeychainAccess.framework",
			);
			name = "[CP] Embed Pods Frameworks";
			outputPaths = (
				"${TARGET_BUILD_DIR}/${FRAMEWORKS_FOLDER_PATH}/Arcane.framework",
				"${TARGET_BUILD_DIR}/${FRAMEWORKS_FOLDER_PATH}/KeychainAccess.framework",
			);
			runOnlyForDeploymentPostprocessing = 0;
			shellPath = /bin/sh;
			shellScript = "\"${SRCROOT}/Pods/Target Support Files/Pods-ios_attendance/Pods-ios_attendance-frameworks.sh\"\n";
			showEnvVarsInLog = 0;
		};
		330C64BB0D82A5B68E8E1128 /* [CP] Check Pods Manifest.lock */ = {
			isa = PBXShellScriptBuildPhase;
			buildActionMask = 2147483647;
			files = (
			);
			inputPaths = (
				"${PODS_PODFILE_DIR_PATH}/Podfile.lock",
				"${PODS_ROOT}/Manifest.lock",
			);
			name = "[CP] Check Pods Manifest.lock";
			outputPaths = (
				"$(DERIVED_FILE_DIR)/Pods-ios_attendanceUITests-checkManifestLockResult.txt",
			);
			runOnlyForDeploymentPostprocessing = 0;
			shellPath = /bin/sh;
			shellScript = "diff \"${PODS_PODFILE_DIR_PATH}/Podfile.lock\" \"${PODS_ROOT}/Manifest.lock\" > /dev/null\nif [ $? != 0 ] ; then\n    # print error to STDERR\n    echo \"error: The sandbox is not in sync with the Podfile.lock. Run 'pod install' or update your CocoaPods installation.\" >&2\n    exit 1\nfi\n# This output is used by Xcode 'outputs' to avoid re-running this script phase.\necho \"SUCCESS\" > \"${SCRIPT_OUTPUT_FILE_0}\"\n";
			showEnvVarsInLog = 0;
		};
		DF962A105B7041009ABD8C15 /* [CP] Check Pods Manifest.lock */ = {
			isa = PBXShellScriptBuildPhase;
			buildActionMask = 2147483647;
			files = (
			);
			inputPaths = (
				"${PODS_PODFILE_DIR_PATH}/Podfile.lock",
				"${PODS_ROOT}/Manifest.lock",
			);
			name = "[CP] Check Pods Manifest.lock";
			outputPaths = (
				"$(DERIVED_FILE_DIR)/Pods-ios_attendanceTests-checkManifestLockResult.txt",
			);
			runOnlyForDeploymentPostprocessing = 0;
			shellPath = /bin/sh;
			shellScript = "diff \"${PODS_PODFILE_DIR_PATH}/Podfile.lock\" \"${PODS_ROOT}/Manifest.lock\" > /dev/null\nif [ $? != 0 ] ; then\n    # print error to STDERR\n    echo \"error: The sandbox is not in sync with the Podfile.lock. Run 'pod install' or update your CocoaPods installation.\" >&2\n    exit 1\nfi\n# This output is used by Xcode 'outputs' to avoid re-running this script phase.\necho \"SUCCESS\" > \"${SCRIPT_OUTPUT_FILE_0}\"\n";
			showEnvVarsInLog = 0;
		};
/* End PBXShellScriptBuildPhase section */

/* Begin PBXSourcesBuildPhase section */
		5B64C9E72091F5F200C892F8 /* Sources */ = {
			isa = PBXSourcesBuildPhase;
			buildActionMask = 2147483647;
			files = (
				5B64C9F12091F5F200C892F8 /* ViewController.swift in Sources */,
				5B854627209355C1003542A2 /* UserService.swift in Sources */,
				5B64CA2B20926BA100C892F8 /* QRScannerController.swift in Sources */,
				5B85462120932138003542A2 /* DateFormatterHelper.swift in Sources */,
				5B64CA212092093100C892F8 /* ApiConstants.swift in Sources */,
				5B85462320934863003542A2 /* BeaconHelper.swift in Sources */,
				5B64C9EF2091F5F200C892F8 /* AppDelegate.swift in Sources */,
				5B64CA2920921ECC00C892F8 /* ApiClient.swift in Sources */,
			);
			runOnlyForDeploymentPostprocessing = 0;
		};
		5B64C9FB2091F5F300C892F8 /* Sources */ = {
			isa = PBXSourcesBuildPhase;
			buildActionMask = 2147483647;
			files = (
				5B64CA042091F5F300C892F8 /* ios_attendanceTests.swift in Sources */,
			);
			runOnlyForDeploymentPostprocessing = 0;
		};
		5B64CA062091F5F300C892F8 /* Sources */ = {
			isa = PBXSourcesBuildPhase;
			buildActionMask = 2147483647;
			files = (
				5B64CA0F2091F5F300C892F8 /* ios_attendanceUITests.swift in Sources */,
			);
			runOnlyForDeploymentPostprocessing = 0;
		};
/* End PBXSourcesBuildPhase section */

/* Begin PBXTargetDependency section */
		5B64CA012091F5F300C892F8 /* PBXTargetDependency */ = {
			isa = PBXTargetDependency;
			target = 5B64C9EA2091F5F200C892F8 /* ios_attendance */;
			targetProxy = 5B64CA002091F5F300C892F8 /* PBXContainerItemProxy */;
		};
		5B64CA0C2091F5F300C892F8 /* PBXTargetDependency */ = {
			isa = PBXTargetDependency;
			target = 5B64C9EA2091F5F200C892F8 /* ios_attendance */;
			targetProxy = 5B64CA0B2091F5F300C892F8 /* PBXContainerItemProxy */;
		};
/* End PBXTargetDependency section */

/* Begin PBXVariantGroup section */
		5B64C9F22091F5F200C892F8 /* Main.storyboard */ = {
			isa = PBXVariantGroup;
			children = (
				5B64C9F32091F5F200C892F8 /* Base */,
			);
			name = Main.storyboard;
			sourceTree = "<group>";
		};
		5B64C9F72091F5F300C892F8 /* LaunchScreen.storyboard */ = {
			isa = PBXVariantGroup;
			children = (
				5B64C9F82091F5F300C892F8 /* Base */,
			);
			name = LaunchScreen.storyboard;
			sourceTree = "<group>";
		};
/* End PBXVariantGroup section */

/* Begin XCBuildConfiguration section */
		5B64CA112091F5F300C892F8 /* Debug */ = {
			isa = XCBuildConfiguration;
			buildSettings = {
				ALWAYS_SEARCH_USER_PATHS = NO;
				CLANG_ANALYZER_NONNULL = YES;
				CLANG_ANALYZER_NUMBER_OBJECT_CONVERSION = YES_AGGRESSIVE;
				CLANG_CXX_LANGUAGE_STANDARD = "gnu++14";
				CLANG_CXX_LIBRARY = "libc++";
				CLANG_ENABLE_MODULES = YES;
				CLANG_ENABLE_OBJC_ARC = YES;
				CLANG_ENABLE_OBJC_WEAK = YES;
				CLANG_WARN_BLOCK_CAPTURE_AUTORELEASING = YES;
				CLANG_WARN_BOOL_CONVERSION = YES;
				CLANG_WARN_COMMA = YES;
				CLANG_WARN_CONSTANT_CONVERSION = YES;
				CLANG_WARN_DEPRECATED_OBJC_IMPLEMENTATIONS = YES;
				CLANG_WARN_DIRECT_OBJC_ISA_USAGE = YES_ERROR;
				CLANG_WARN_DOCUMENTATION_COMMENTS = YES;
				CLANG_WARN_EMPTY_BODY = YES;
				CLANG_WARN_ENUM_CONVERSION = YES;
				CLANG_WARN_INFINITE_RECURSION = YES;
				CLANG_WARN_INT_CONVERSION = YES;
				CLANG_WARN_NON_LITERAL_NULL_CONVERSION = YES;
				CLANG_WARN_OBJC_IMPLICIT_RETAIN_SELF = YES;
				CLANG_WARN_OBJC_LITERAL_CONVERSION = YES;
				CLANG_WARN_OBJC_ROOT_CLASS = YES_ERROR;
				CLANG_WARN_RANGE_LOOP_ANALYSIS = YES;
				CLANG_WARN_STRICT_PROTOTYPES = YES;
				CLANG_WARN_SUSPICIOUS_MOVE = YES;
				CLANG_WARN_UNGUARDED_AVAILABILITY = YES_AGGRESSIVE;
				CLANG_WARN_UNREACHABLE_CODE = YES;
				CLANG_WARN__DUPLICATE_METHOD_MATCH = YES;
				CODE_SIGN_IDENTITY = "iPhone Developer";
				COPY_PHASE_STRIP = NO;
				DEBUG_INFORMATION_FORMAT = dwarf;
				ENABLE_STRICT_OBJC_MSGSEND = YES;
				ENABLE_TESTABILITY = YES;
				GCC_C_LANGUAGE_STANDARD = gnu11;
				GCC_DYNAMIC_NO_PIC = NO;
				GCC_NO_COMMON_BLOCKS = YES;
				GCC_OPTIMIZATION_LEVEL = 0;
				GCC_PREPROCESSOR_DEFINITIONS = (
					"DEBUG=1",
					"$(inherited)",
				);
				GCC_WARN_64_TO_32_BIT_CONVERSION = YES;
				GCC_WARN_ABOUT_RETURN_TYPE = YES_ERROR;
				GCC_WARN_UNDECLARED_SELECTOR = YES;
				GCC_WARN_UNINITIALIZED_AUTOS = YES_AGGRESSIVE;
				GCC_WARN_UNUSED_FUNCTION = YES;
				GCC_WARN_UNUSED_VARIABLE = YES;
				IPHONEOS_DEPLOYMENT_TARGET = 11.3;
				MTL_ENABLE_DEBUG_INFO = YES;
				ONLY_ACTIVE_ARCH = YES;
				SDKROOT = iphoneos;
				SWIFT_ACTIVE_COMPILATION_CONDITIONS = DEBUG;
				SWIFT_OPTIMIZATION_LEVEL = "-Onone";
			};
			name = Debug;
		};
		5B64CA122091F5F300C892F8 /* Release */ = {
			isa = XCBuildConfiguration;
			buildSettings = {
				ALWAYS_SEARCH_USER_PATHS = NO;
				CLANG_ANALYZER_NONNULL = YES;
				CLANG_ANALYZER_NUMBER_OBJECT_CONVERSION = YES_AGGRESSIVE;
				CLANG_CXX_LANGUAGE_STANDARD = "gnu++14";
				CLANG_CXX_LIBRARY = "libc++";
				CLANG_ENABLE_MODULES = YES;
				CLANG_ENABLE_OBJC_ARC = YES;
				CLANG_ENABLE_OBJC_WEAK = YES;
				CLANG_WARN_BLOCK_CAPTURE_AUTORELEASING = YES;
				CLANG_WARN_BOOL_CONVERSION = YES;
				CLANG_WARN_COMMA = YES;
				CLANG_WARN_CONSTANT_CONVERSION = YES;
				CLANG_WARN_DEPRECATED_OBJC_IMPLEMENTATIONS = YES;
				CLANG_WARN_DIRECT_OBJC_ISA_USAGE = YES_ERROR;
				CLANG_WARN_DOCUMENTATION_COMMENTS = YES;
				CLANG_WARN_EMPTY_BODY = YES;
				CLANG_WARN_ENUM_CONVERSION = YES;
				CLANG_WARN_INFINITE_RECURSION = YES;
				CLANG_WARN_INT_CONVERSION = YES;
				CLANG_WARN_NON_LITERAL_NULL_CONVERSION = YES;
				CLANG_WARN_OBJC_IMPLICIT_RETAIN_SELF = YES;
				CLANG_WARN_OBJC_LITERAL_CONVERSION = YES;
				CLANG_WARN_OBJC_ROOT_CLASS = YES_ERROR;
				CLANG_WARN_RANGE_LOOP_ANALYSIS = YES;
				CLANG_WARN_STRICT_PROTOTYPES = YES;
				CLANG_WARN_SUSPICIOUS_MOVE = YES;
				CLANG_WARN_UNGUARDED_AVAILABILITY = YES_AGGRESSIVE;
				CLANG_WARN_UNREACHABLE_CODE = YES;
				CLANG_WARN__DUPLICATE_METHOD_MATCH = YES;
				CODE_SIGN_IDENTITY = "iPhone Developer";
				COPY_PHASE_STRIP = NO;
				DEBUG_INFORMATION_FORMAT = "dwarf-with-dsym";
				ENABLE_NS_ASSERTIONS = NO;
				ENABLE_STRICT_OBJC_MSGSEND = YES;
				GCC_C_LANGUAGE_STANDARD = gnu11;
				GCC_NO_COMMON_BLOCKS = YES;
				GCC_WARN_64_TO_32_BIT_CONVERSION = YES;
				GCC_WARN_ABOUT_RETURN_TYPE = YES_ERROR;
				GCC_WARN_UNDECLARED_SELECTOR = YES;
				GCC_WARN_UNINITIALIZED_AUTOS = YES_AGGRESSIVE;
				GCC_WARN_UNUSED_FUNCTION = YES;
				GCC_WARN_UNUSED_VARIABLE = YES;
				IPHONEOS_DEPLOYMENT_TARGET = 11.3;
				MTL_ENABLE_DEBUG_INFO = NO;
				SDKROOT = iphoneos;
				SWIFT_COMPILATION_MODE = wholemodule;
				SWIFT_OPTIMIZATION_LEVEL = "-O";
				VALIDATE_PRODUCT = YES;
			};
			name = Release;
		};
		5B64CA142091F5F300C892F8 /* Debug */ = {
			isa = XCBuildConfiguration;
			baseConfigurationReference = 12E7B37E4DDF78F490325D54 /* Pods-ios_attendance.debug.xcconfig */;
			buildSettings = {
				ASSETCATALOG_COMPILER_APPICON_NAME = AppIcon;
				CODE_SIGN_STYLE = Automatic;
				DEVELOPMENT_TEAM = 8Z658FHXAJ;
				INFOPLIST_FILE = ios_attendance/Info.plist;
				LD_RUNPATH_SEARCH_PATHS = (
					"$(inherited)",
					"@executable_path/Frameworks",
				);
				PRODUCT_BUNDLE_IDENTIFIER = "fr.kylianlemette.ios-attendance";
				PRODUCT_NAME = "$(TARGET_NAME)";
				SWIFT_VERSION = 4.0;
				TARGETED_DEVICE_FAMILY = "1,2";
			};
			name = Debug;
		};
		5B64CA152091F5F300C892F8 /* Release */ = {
			isa = XCBuildConfiguration;
			baseConfigurationReference = 084A079DD371F174361E938C /* Pods-ios_attendance.release.xcconfig */;
			buildSettings = {
				ASSETCATALOG_COMPILER_APPICON_NAME = AppIcon;
				CODE_SIGN_STYLE = Automatic;
				DEVELOPMENT_TEAM = 8Z658FHXAJ;
				INFOPLIST_FILE = ios_attendance/Info.plist;
				LD_RUNPATH_SEARCH_PATHS = (
					"$(inherited)",
					"@executable_path/Frameworks",
				);
				PRODUCT_BUNDLE_IDENTIFIER = "fr.kylianlemette.ios-attendance";
				PRODUCT_NAME = "$(TARGET_NAME)";
				SWIFT_VERSION = 4.0;
				TARGETED_DEVICE_FAMILY = "1,2";
			};
			name = Release;
		};
		5B64CA172091F5F300C892F8 /* Debug */ = {
			isa = XCBuildConfiguration;
			baseConfigurationReference = 40B8DC6FCFDAF6578EAD9978 /* Pods-ios_attendanceTests.debug.xcconfig */;
			buildSettings = {
				ALWAYS_EMBED_SWIFT_STANDARD_LIBRARIES = YES;
				BUNDLE_LOADER = "$(TEST_HOST)";
				CODE_SIGN_STYLE = Automatic;
				DEVELOPMENT_TEAM = 8Z658FHXAJ;
				INFOPLIST_FILE = ios_attendanceTests/Info.plist;
				LD_RUNPATH_SEARCH_PATHS = (
					"$(inherited)",
					"@executable_path/Frameworks",
					"@loader_path/Frameworks",
				);
				PRODUCT_BUNDLE_IDENTIFIER = "fr.kylianlemette.ios-attendanceTests";
				PRODUCT_NAME = "$(TARGET_NAME)";
				SWIFT_VERSION = 4.0;
				TARGETED_DEVICE_FAMILY = "1,2";
				TEST_HOST = "$(BUILT_PRODUCTS_DIR)/ios_attendance.app/ios_attendance";
			};
			name = Debug;
		};
		5B64CA182091F5F300C892F8 /* Release */ = {
			isa = XCBuildConfiguration;
			baseConfigurationReference = 4D653A688067A0217C9BE2C6 /* Pods-ios_attendanceTests.release.xcconfig */;
			buildSettings = {
				ALWAYS_EMBED_SWIFT_STANDARD_LIBRARIES = YES;
				BUNDLE_LOADER = "$(TEST_HOST)";
				CODE_SIGN_STYLE = Automatic;
				DEVELOPMENT_TEAM = 8Z658FHXAJ;
				INFOPLIST_FILE = ios_attendanceTests/Info.plist;
				LD_RUNPATH_SEARCH_PATHS = (
					"$(inherited)",
					"@executable_path/Frameworks",
					"@loader_path/Frameworks",
				);
				PRODUCT_BUNDLE_IDENTIFIER = "fr.kylianlemette.ios-attendanceTests";
				PRODUCT_NAME = "$(TARGET_NAME)";
				SWIFT_VERSION = 4.0;
				TARGETED_DEVICE_FAMILY = "1,2";
				TEST_HOST = "$(BUILT_PRODUCTS_DIR)/ios_attendance.app/ios_attendance";
			};
			name = Release;
		};
		5B64CA1A2091F5F300C892F8 /* Debug */ = {
			isa = XCBuildConfiguration;
			baseConfigurationReference = 8B9F1539F720048257274EA8 /* Pods-ios_attendanceUITests.debug.xcconfig */;
			buildSettings = {
				ALWAYS_EMBED_SWIFT_STANDARD_LIBRARIES = YES;
				CODE_SIGN_STYLE = Automatic;
				DEVELOPMENT_TEAM = 8Z658FHXAJ;
				INFOPLIST_FILE = ios_attendanceUITests/Info.plist;
				LD_RUNPATH_SEARCH_PATHS = (
					"$(inherited)",
					"@executable_path/Frameworks",
					"@loader_path/Frameworks",
				);
				PRODUCT_BUNDLE_IDENTIFIER = "fr.kylianlemette.ios-attendanceUITests";
				PRODUCT_NAME = "$(TARGET_NAME)";
				SWIFT_VERSION = 4.0;
				TARGETED_DEVICE_FAMILY = "1,2";
				TEST_TARGET_NAME = ios_attendance;
			};
			name = Debug;
		};
		5B64CA1B2091F5F300C892F8 /* Release */ = {
			isa = XCBuildConfiguration;
			baseConfigurationReference = 17783C5EE53E857087C8A097 /* Pods-ios_attendanceUITests.release.xcconfig */;
			buildSettings = {
				ALWAYS_EMBED_SWIFT_STANDARD_LIBRARIES = YES;
				CODE_SIGN_STYLE = Automatic;
				DEVELOPMENT_TEAM = 8Z658FHXAJ;
				INFOPLIST_FILE = ios_attendanceUITests/Info.plist;
				LD_RUNPATH_SEARCH_PATHS = (
					"$(inherited)",
					"@executable_path/Frameworks",
					"@loader_path/Frameworks",
				);
				PRODUCT_BUNDLE_IDENTIFIER = "fr.kylianlemette.ios-attendanceUITests";
				PRODUCT_NAME = "$(TARGET_NAME)";
				SWIFT_VERSION = 4.0;
				TARGETED_DEVICE_FAMILY = "1,2";
				TEST_TARGET_NAME = ios_attendance;
			};
			name = Release;
		};
/* End XCBuildConfiguration section */

/* Begin XCConfigurationList section */
		5B64C9E62091F5F200C892F8 /* Build configuration list for PBXProject "ios_attendance" */ = {
			isa = XCConfigurationList;
			buildConfigurations = (
				5B64CA112091F5F300C892F8 /* Debug */,
				5B64CA122091F5F300C892F8 /* Release */,
			);
			defaultConfigurationIsVisible = 0;
			defaultConfigurationName = Release;
		};
		5B64CA132091F5F300C892F8 /* Build configuration list for PBXNativeTarget "ios_attendance" */ = {
			isa = XCConfigurationList;
			buildConfigurations = (
				5B64CA142091F5F300C892F8 /* Debug */,
				5B64CA152091F5F300C892F8 /* Release */,
			);
			defaultConfigurationIsVisible = 0;
			defaultConfigurationName = Release;
		};
		5B64CA162091F5F300C892F8 /* Build configuration list for PBXNativeTarget "ios_attendanceTests" */ = {
			isa = XCConfigurationList;
			buildConfigurations = (
				5B64CA172091F5F300C892F8 /* Debug */,
				5B64CA182091F5F300C892F8 /* Release */,
			);
			defaultConfigurationIsVisible = 0;
			defaultConfigurationName = Release;
		};
		5B64CA192091F5F300C892F8 /* Build configuration list for PBXNativeTarget "ios_attendanceUITests" */ = {
			isa = XCConfigurationList;
			buildConfigurations = (
				5B64CA1A2091F5F300C892F8 /* Debug */,
				5B64CA1B2091F5F300C892F8 /* Release */,
			);
			defaultConfigurationIsVisible = 0;
			defaultConfigurationName = Release;
		};
/* End XCConfigurationList section */
	};
	rootObject = 5B64C9E32091F5F200C892F8 /* Project object */;
}
